// !$*UTF8*$!
{
	archiveVersion = 1;
	classes = {
	};
	objectVersion = 50;
	objects = {

/* Begin PBXBuildFile section */
		8F13691026063D8F006075A1 /* NetworkTarget.swift in Sources */ = {isa = PBXBuildFile; fileRef = 8F13690F26063D8F006075A1 /* NetworkTarget.swift */; };
		8F13691526063DC2006075A1 /* NetworkService.swift in Sources */ = {isa = PBXBuildFile; fileRef = 8F13691426063DC2006075A1 /* NetworkService.swift */; };
		8F13691B26064475006075A1 /* NetworkError.swift in Sources */ = {isa = PBXBuildFile; fileRef = 8F13691A26064475006075A1 /* NetworkError.swift */; };
		8F136924260644A8006075A1 /* ProductAPIService.swift in Sources */ = {isa = PBXBuildFile; fileRef = 8F136923260644A7006075A1 /* ProductAPIService.swift */; };
		8F13692F26064D61006075A1 /* UIView+Additions.swift in Sources */ = {isa = PBXBuildFile; fileRef = 8F13692E26064D61006075A1 /* UIView+Additions.swift */; };
		8F13693526064EC8006075A1 /* Identifiable.swift in Sources */ = {isa = PBXBuildFile; fileRef = 8F13693426064EC8006075A1 /* Identifiable.swift */; };
		8F13693C26064F6C006075A1 /* ProductTableViewCell.swift in Sources */ = {isa = PBXBuildFile; fileRef = 8F13693B26064F6C006075A1 /* ProductTableViewCell.swift */; };
		8F16712326092E8900B9392B /* CGFloat+Additions.swift in Sources */ = {isa = PBXBuildFile; fileRef = 8F16712226092E8900B9392B /* CGFloat+Additions.swift */; };
		8F1C4F812609216600097D66 /* RatingColorType.swift in Sources */ = {isa = PBXBuildFile; fileRef = 8F1C4F802609216600097D66 /* RatingColorType.swift */; };
		8F2165772607246F0071AD88 /* AddReviewView.swift in Sources */ = {isa = PBXBuildFile; fileRef = 8F2165762607246F0071AD88 /* AddReviewView.swift */; };
		8F27BA5526065656002859EC /* UIImageView+Additions.swift in Sources */ = {isa = PBXBuildFile; fileRef = 8F27BA5426065656002859EC /* UIImageView+Additions.swift */; };
		8F27BA5A260656C9002859EC /* AssetHelper.swift in Sources */ = {isa = PBXBuildFile; fileRef = 8F27BA59260656C9002859EC /* AssetHelper.swift */; };
		8F27BA6126065719002859EC /* Colors.xcassets in Resources */ = {isa = PBXBuildFile; fileRef = 8F27BA6026065719002859EC /* Colors.xcassets */; };
		8F7D2A2B260666FF009DBEE2 /* ColorHelper.swift in Sources */ = {isa = PBXBuildFile; fileRef = 8F7D2A2A260666FF009DBEE2 /* ColorHelper.swift */; };
		8F7D2A30260673F4009DBEE2 /* BaseViewController.swift in Sources */ = {isa = PBXBuildFile; fileRef = 8F7D2A2F260673F4009DBEE2 /* BaseViewController.swift */; };
		8F8D2DD526072DA5006B2E47 /* ProductDetailHeaderView.swift in Sources */ = {isa = PBXBuildFile; fileRef = 8F8D2DD426072DA5006B2E47 /* ProductDetailHeaderView.swift */; };
		8F8D2DDB26074332006B2E47 /* ProductDetailHeaderDataModel.swift in Sources */ = {isa = PBXBuildFile; fileRef = 8F8D2DDA26074332006B2E47 /* ProductDetailHeaderDataModel.swift */; };
		8F8D2DE026074365006B2E47 /* ProductDetailSectionType.swift in Sources */ = {isa = PBXBuildFile; fileRef = 8F8D2DDF26074365006B2E47 /* ProductDetailSectionType.swift */; };
		8F8D2DE626074F17006B2E47 /* ReviewTableViewCell.swift in Sources */ = {isa = PBXBuildFile; fileRef = 8F8D2DE526074F17006B2E47 /* ReviewTableViewCell.swift */; };
		8F8D2DEE26074FDB006B2E47 /* RatingView.swift in Sources */ = {isa = PBXBuildFile; fileRef = 8F8D2DED26074FDB006B2E47 /* RatingView.swift */; };
		8F8D2DF3260753A9006B2E47 /* ReviewTableViewCellDataModel.swift in Sources */ = {isa = PBXBuildFile; fileRef = 8F8D2DF2260753A9006B2E47 /* ReviewTableViewCellDataModel.swift */; };
		8F8D2DF826076343006B2E47 /* StickyReviewHeaderView.swift in Sources */ = {isa = PBXBuildFile; fileRef = 8F8D2DF726076343006B2E47 /* StickyReviewHeaderView.swift */; };
		8FC8794B2606127F00320564 /* AppDelegate.swift in Sources */ = {isa = PBXBuildFile; fileRef = 8FC8794A2606127F00320564 /* AppDelegate.swift */; };
		8FC8794D2606127F00320564 /* SceneDelegate.swift in Sources */ = {isa = PBXBuildFile; fileRef = 8FC8794C2606127F00320564 /* SceneDelegate.swift */; };
		8FC8794F2606127F00320564 /* ProductsViewController.swift in Sources */ = {isa = PBXBuildFile; fileRef = 8FC8794E2606127F00320564 /* ProductsViewController.swift */; };
		8FC879542606128200320564 /* Assets.xcassets in Resources */ = {isa = PBXBuildFile; fileRef = 8FC879532606128200320564 /* Assets.xcassets */; };
		8FC879572606128200320564 /* LaunchScreen.storyboard in Resources */ = {isa = PBXBuildFile; fileRef = 8FC879552606128200320564 /* LaunchScreen.storyboard */; };
		8FC879622606128200320564 /* ProductHunterTests.swift in Sources */ = {isa = PBXBuildFile; fileRef = 8FC879612606128200320564 /* ProductHunterTests.swift */; };
		8FC8798A2606134A00320564 /* ProductsViewModel.swift in Sources */ = {isa = PBXBuildFile; fileRef = 8FC879892606134A00320564 /* ProductsViewModel.swift */; };
		8FC8798F2606140500320564 /* ProductsView.swift in Sources */ = {isa = PBXBuildFile; fileRef = 8FC8798E2606140500320564 /* ProductsView.swift */; };
		8FC8799F260615C600320564 /* ViewModel.swift in Sources */ = {isa = PBXBuildFile; fileRef = 8FC8799E260615C600320564 /* ViewModel.swift */; };
		8FC879A4260617A200320564 /* ViewControllerProtocol.swift in Sources */ = {isa = PBXBuildFile; fileRef = 8FC879A3260617A200320564 /* ViewControllerProtocol.swift */; };
		8FC879A9260617BA00320564 /* BaseView.swift in Sources */ = {isa = PBXBuildFile; fileRef = 8FC879A8260617BA00320564 /* BaseView.swift */; };
		8FC879AE2606181500320564 /* ProductDetailViewController.swift in Sources */ = {isa = PBXBuildFile; fileRef = 8FC879AD2606181500320564 /* ProductDetailViewController.swift */; };
		8FC879B32606182700320564 /* ProductDetailViewModel.swift in Sources */ = {isa = PBXBuildFile; fileRef = 8FC879B22606182700320564 /* ProductDetailViewModel.swift */; };
		8FC879B82606183500320564 /* ProductDetailView.swift in Sources */ = {isa = PBXBuildFile; fileRef = 8FC879B72606183500320564 /* ProductDetailView.swift */; };
		8FC8899D26062C3F00616640 /* ProductTarget.swift in Sources */ = {isa = PBXBuildFile; fileRef = 8FC8899C26062C3E00616640 /* ProductTarget.swift */; };
		8FC889A626062E8A00616640 /* URL+Additions.swift in Sources */ = {isa = PBXBuildFile; fileRef = 8FC889A526062E8A00616640 /* URL+Additions.swift */; };
		8FC889BD260637DC00616640 /* Review.swift in Sources */ = {isa = PBXBuildFile; fileRef = 8FC889BC260637DC00616640 /* Review.swift */; };
		8FC889C22606381800616640 /* Product.swift in Sources */ = {isa = PBXBuildFile; fileRef = 8FC889C12606381800616640 /* Product.swift */; };
/* End PBXBuildFile section */

/* Begin PBXContainerItemProxy section */
		8FC8795E2606128200320564 /* PBXContainerItemProxy */ = {
			isa = PBXContainerItemProxy;
			containerPortal = 8FC8793F2606127F00320564 /* Project object */;
			proxyType = 1;
			remoteGlobalIDString = 8FC879462606127F00320564;
			remoteInfo = ProductHunter;
		};
		8FC879692606128200320564 /* PBXContainerItemProxy */ = {
			isa = PBXContainerItemProxy;
			containerPortal = 8FC8793F2606127F00320564 /* Project object */;
			proxyType = 1;
			remoteGlobalIDString = 8FC879462606127F00320564;
			remoteInfo = ProductHunter;
		};
/* End PBXContainerItemProxy section */

/* Begin PBXFileReference section */
		8F13690F26063D8F006075A1 /* NetworkTarget.swift */ = {isa = PBXFileReference; lastKnownFileType = sourcecode.swift; path = NetworkTarget.swift; sourceTree = "<group>"; };
		8F13691426063DC2006075A1 /* NetworkService.swift */ = {isa = PBXFileReference; lastKnownFileType = sourcecode.swift; path = NetworkService.swift; sourceTree = "<group>"; };
		8F13691A26064475006075A1 /* NetworkError.swift */ = {isa = PBXFileReference; lastKnownFileType = sourcecode.swift; path = NetworkError.swift; sourceTree = "<group>"; };
		8F136923260644A7006075A1 /* ProductAPIService.swift */ = {isa = PBXFileReference; lastKnownFileType = sourcecode.swift; path = ProductAPIService.swift; sourceTree = "<group>"; };
		8F13692E26064D61006075A1 /* UIView+Additions.swift */ = {isa = PBXFileReference; lastKnownFileType = sourcecode.swift; path = "UIView+Additions.swift"; sourceTree = "<group>"; };
		8F13693426064EC8006075A1 /* Identifiable.swift */ = {isa = PBXFileReference; lastKnownFileType = sourcecode.swift; path = Identifiable.swift; sourceTree = "<group>"; };
		8F13693B26064F6C006075A1 /* ProductTableViewCell.swift */ = {isa = PBXFileReference; lastKnownFileType = sourcecode.swift; path = ProductTableViewCell.swift; sourceTree = "<group>"; };
		8F16712226092E8900B9392B /* CGFloat+Additions.swift */ = {isa = PBXFileReference; lastKnownFileType = sourcecode.swift; path = "CGFloat+Additions.swift"; sourceTree = "<group>"; };
		8F1C4F802609216600097D66 /* RatingColorType.swift */ = {isa = PBXFileReference; lastKnownFileType = sourcecode.swift; path = RatingColorType.swift; sourceTree = "<group>"; };
		8F2165762607246F0071AD88 /* AddReviewView.swift */ = {isa = PBXFileReference; lastKnownFileType = sourcecode.swift; path = AddReviewView.swift; sourceTree = "<group>"; };
		8F27BA5426065656002859EC /* UIImageView+Additions.swift */ = {isa = PBXFileReference; lastKnownFileType = sourcecode.swift; path = "UIImageView+Additions.swift"; sourceTree = "<group>"; };
		8F27BA59260656C9002859EC /* AssetHelper.swift */ = {isa = PBXFileReference; lastKnownFileType = sourcecode.swift; path = AssetHelper.swift; sourceTree = "<group>"; };
		8F27BA6026065719002859EC /* Colors.xcassets */ = {isa = PBXFileReference; lastKnownFileType = folder.assetcatalog; path = Colors.xcassets; sourceTree = "<group>"; };
		8F7D2A2A260666FF009DBEE2 /* ColorHelper.swift */ = {isa = PBXFileReference; lastKnownFileType = sourcecode.swift; path = ColorHelper.swift; sourceTree = "<group>"; };
		8F7D2A2F260673F4009DBEE2 /* BaseViewController.swift */ = {isa = PBXFileReference; lastKnownFileType = sourcecode.swift; path = BaseViewController.swift; sourceTree = "<group>"; };
		8F8D2DD426072DA5006B2E47 /* ProductDetailHeaderView.swift */ = {isa = PBXFileReference; lastKnownFileType = sourcecode.swift; path = ProductDetailHeaderView.swift; sourceTree = "<group>"; };
		8F8D2DDA26074332006B2E47 /* ProductDetailHeaderDataModel.swift */ = {isa = PBXFileReference; lastKnownFileType = sourcecode.swift; path = ProductDetailHeaderDataModel.swift; sourceTree = "<group>"; };
		8F8D2DDF26074365006B2E47 /* ProductDetailSectionType.swift */ = {isa = PBXFileReference; lastKnownFileType = sourcecode.swift; path = ProductDetailSectionType.swift; sourceTree = "<group>"; };
		8F8D2DE526074F17006B2E47 /* ReviewTableViewCell.swift */ = {isa = PBXFileReference; lastKnownFileType = sourcecode.swift; path = ReviewTableViewCell.swift; sourceTree = "<group>"; };
		8F8D2DED26074FDB006B2E47 /* RatingView.swift */ = {isa = PBXFileReference; lastKnownFileType = sourcecode.swift; path = RatingView.swift; sourceTree = "<group>"; };
		8F8D2DF2260753A9006B2E47 /* ReviewTableViewCellDataModel.swift */ = {isa = PBXFileReference; lastKnownFileType = sourcecode.swift; path = ReviewTableViewCellDataModel.swift; sourceTree = "<group>"; };
		8F8D2DF726076343006B2E47 /* StickyReviewHeaderView.swift */ = {isa = PBXFileReference; lastKnownFileType = sourcecode.swift; path = StickyReviewHeaderView.swift; sourceTree = "<group>"; };
		8FC879472606127F00320564 /* ProductHunter.app */ = {isa = PBXFileReference; explicitFileType = wrapper.application; includeInIndex = 0; path = ProductHunter.app; sourceTree = BUILT_PRODUCTS_DIR; };
		8FC8794A2606127F00320564 /* AppDelegate.swift */ = {isa = PBXFileReference; lastKnownFileType = sourcecode.swift; path = AppDelegate.swift; sourceTree = "<group>"; };
		8FC8794C2606127F00320564 /* SceneDelegate.swift */ = {isa = PBXFileReference; lastKnownFileType = sourcecode.swift; path = SceneDelegate.swift; sourceTree = "<group>"; };
		8FC8794E2606127F00320564 /* ProductsViewController.swift */ = {isa = PBXFileReference; lastKnownFileType = sourcecode.swift; path = ProductsViewController.swift; sourceTree = "<group>"; };
		8FC879532606128200320564 /* Assets.xcassets */ = {isa = PBXFileReference; lastKnownFileType = folder.assetcatalog; path = Assets.xcassets; sourceTree = "<group>"; };
		8FC879562606128200320564 /* Base */ = {isa = PBXFileReference; lastKnownFileType = file.storyboard; name = Base; path = Base.lproj/LaunchScreen.storyboard; sourceTree = "<group>"; };
		8FC879582606128200320564 /* Info.plist */ = {isa = PBXFileReference; lastKnownFileType = text.plist.xml; path = Info.plist; sourceTree = "<group>"; };
		8FC8795D2606128200320564 /* ProductHunterTests.xctest */ = {isa = PBXFileReference; explicitFileType = wrapper.cfbundle; includeInIndex = 0; path = ProductHunterTests.xctest; sourceTree = BUILT_PRODUCTS_DIR; };
		8FC879612606128200320564 /* ProductHunterTests.swift */ = {isa = PBXFileReference; lastKnownFileType = sourcecode.swift; path = ProductHunterTests.swift; sourceTree = "<group>"; };
		8FC879632606128200320564 /* Info.plist */ = {isa = PBXFileReference; lastKnownFileType = text.plist.xml; path = Info.plist; sourceTree = "<group>"; };
		8FC879682606128200320564 /* ProductHunterUITests.xctest */ = {isa = PBXFileReference; explicitFileType = wrapper.cfbundle; includeInIndex = 0; path = ProductHunterUITests.xctest; sourceTree = BUILT_PRODUCTS_DIR; };
		8FC879892606134A00320564 /* ProductsViewModel.swift */ = {isa = PBXFileReference; lastKnownFileType = sourcecode.swift; path = ProductsViewModel.swift; sourceTree = "<group>"; };
		8FC8798E2606140500320564 /* ProductsView.swift */ = {isa = PBXFileReference; lastKnownFileType = sourcecode.swift; path = ProductsView.swift; sourceTree = "<group>"; };
		8FC8799E260615C600320564 /* ViewModel.swift */ = {isa = PBXFileReference; lastKnownFileType = sourcecode.swift; path = ViewModel.swift; sourceTree = "<group>"; };
		8FC879A3260617A200320564 /* ViewControllerProtocol.swift */ = {isa = PBXFileReference; lastKnownFileType = sourcecode.swift; path = ViewControllerProtocol.swift; sourceTree = "<group>"; };
		8FC879A8260617BA00320564 /* BaseView.swift */ = {isa = PBXFileReference; lastKnownFileType = sourcecode.swift; path = BaseView.swift; sourceTree = "<group>"; };
		8FC879AD2606181500320564 /* ProductDetailViewController.swift */ = {isa = PBXFileReference; lastKnownFileType = sourcecode.swift; path = ProductDetailViewController.swift; sourceTree = "<group>"; };
		8FC879B22606182700320564 /* ProductDetailViewModel.swift */ = {isa = PBXFileReference; lastKnownFileType = sourcecode.swift; path = ProductDetailViewModel.swift; sourceTree = "<group>"; };
		8FC879B72606183500320564 /* ProductDetailView.swift */ = {isa = PBXFileReference; lastKnownFileType = sourcecode.swift; path = ProductDetailView.swift; sourceTree = "<group>"; };
		8FC8899C26062C3E00616640 /* ProductTarget.swift */ = {isa = PBXFileReference; lastKnownFileType = sourcecode.swift; path = ProductTarget.swift; sourceTree = "<group>"; };
		8FC889A526062E8A00616640 /* URL+Additions.swift */ = {isa = PBXFileReference; lastKnownFileType = sourcecode.swift; path = "URL+Additions.swift"; sourceTree = "<group>"; };
		8FC889BC260637DC00616640 /* Review.swift */ = {isa = PBXFileReference; lastKnownFileType = sourcecode.swift; path = Review.swift; sourceTree = "<group>"; };
		8FC889C12606381800616640 /* Product.swift */ = {isa = PBXFileReference; lastKnownFileType = sourcecode.swift; path = Product.swift; sourceTree = "<group>"; };
/* End PBXFileReference section */

/* Begin PBXFrameworksBuildPhase section */
		8FC879442606127F00320564 /* Frameworks */ = {
			isa = PBXFrameworksBuildPhase;
			buildActionMask = 2147483647;
			files = (
			);
			runOnlyForDeploymentPostprocessing = 0;
		};
		8FC8795A2606128200320564 /* Frameworks */ = {
			isa = PBXFrameworksBuildPhase;
			buildActionMask = 2147483647;
			files = (
			);
			runOnlyForDeploymentPostprocessing = 0;
		};
		8FC879652606128200320564 /* Frameworks */ = {
			isa = PBXFrameworksBuildPhase;
			buildActionMask = 2147483647;
			files = (
			);
			runOnlyForDeploymentPostprocessing = 0;
		};
/* End PBXFrameworksBuildPhase section */

/* Begin PBXGroup section */
		8F13692226064491006075A1 /* API */ = {
			isa = PBXGroup;
			children = (
				8F136923260644A7006075A1 /* ProductAPIService.swift */,
			);
			path = API;
			sourceTree = "<group>";
		};
		8F13693326064EB5006075A1 /* Util */ = {
			isa = PBXGroup;
			children = (
				8F13693426064EC8006075A1 /* Identifiable.swift */,
			);
			path = Util;
			sourceTree = "<group>";
		};
		8F13693926064F4C006075A1 /* Views */ = {
			isa = PBXGroup;
			children = (
				8F13693A26064F55006075A1 /* Cells */,
				8FC8798E2606140500320564 /* ProductsView.swift */,
			);
			path = Views;
			sourceTree = "<group>";
		};
		8F13693A26064F55006075A1 /* Cells */ = {
			isa = PBXGroup;
			children = (
				8F13693B26064F6C006075A1 /* ProductTableViewCell.swift */,
			);
			path = Cells;
			sourceTree = "<group>";
		};
		8F216574260724400071AD88 /* Views */ = {
			isa = PBXGroup;
			children = (
				8F8D2DFC26076358006B2E47 /* Headers */,
				8F8D2DE426074EFF006B2E47 /* Cells */,
				8F2165762607246F0071AD88 /* AddReviewView.swift */,
				8F8D2DED26074FDB006B2E47 /* RatingView.swift */,
			);
			path = Views;
			sourceTree = "<group>";
		};
		8F27BA5E26065703002859EC /* Resources */ = {
			isa = PBXGroup;
			children = (
				8FC879532606128200320564 /* Assets.xcassets */,
				8F27BA6026065719002859EC /* Colors.xcassets */,
			);
			path = Resources;
			sourceTree = "<group>";
		};
		8F8D2DD92607431D006B2E47 /* Model */ = {
			isa = PBXGroup;
			children = (
				8F8D2DDA26074332006B2E47 /* ProductDetailHeaderDataModel.swift */,
				8F8D2DDF26074365006B2E47 /* ProductDetailSectionType.swift */,
				8F8D2DF2260753A9006B2E47 /* ReviewTableViewCellDataModel.swift */,
				8F1C4F802609216600097D66 /* RatingColorType.swift */,
			);
			path = Model;
			sourceTree = "<group>";
		};
		8F8D2DE426074EFF006B2E47 /* Cells */ = {
			isa = PBXGroup;
			children = (
				8F8D2DE526074F17006B2E47 /* ReviewTableViewCell.swift */,
			);
			path = Cells;
			sourceTree = "<group>";
		};
		8F8D2DFC26076358006B2E47 /* Headers */ = {
			isa = PBXGroup;
			children = (
				8F8D2DD426072DA5006B2E47 /* ProductDetailHeaderView.swift */,
				8F8D2DF726076343006B2E47 /* StickyReviewHeaderView.swift */,
			);
			path = Headers;
			sourceTree = "<group>";
		};
		8FC8793E2606127F00320564 = {
			isa = PBXGroup;
			children = (
				8FC879492606127F00320564 /* ProductHunter */,
				8FC879602606128200320564 /* ProductHunterTests */,
				8FC879482606127F00320564 /* Products */,
			);
			sourceTree = "<group>";
		};
		8FC879482606127F00320564 /* Products */ = {
			isa = PBXGroup;
			children = (
				8FC879472606127F00320564 /* ProductHunter.app */,
				8FC8795D2606128200320564 /* ProductHunterTests.xctest */,
				8FC879682606128200320564 /* ProductHunterUITests.xctest */,
			);
			name = Products;
			sourceTree = "<group>";
		};
		8FC879492606127F00320564 /* ProductHunter */ = {
			isa = PBXGroup;
			children = (
				8FC8799D260615B000320564 /* Architecture */,
				8FC8797F260612C900320564 /* Infrastructure */,
				8FC8797D260612B600320564 /* Scenes */,
				8FC8899A26062C1400616640 /* Services */,
				8FC889A426062E4D00616640 /* Extensions */,
				8F13693326064EB5006075A1 /* Util */,
			);
			path = ProductHunter;
			sourceTree = "<group>";
		};
		8FC879602606128200320564 /* ProductHunterTests */ = {
			isa = PBXGroup;
			children = (
				8FC879612606128200320564 /* ProductHunterTests.swift */,
				8FC879632606128200320564 /* Info.plist */,
			);
			path = ProductHunterTests;
			sourceTree = "<group>";
		};
		8FC8797D260612B600320564 /* Scenes */ = {
			isa = PBXGroup;
			children = (
				8FC8797E260612BD00320564 /* Products */,
				8FC8799C2606158F00320564 /* ProductDetail */,
			);
			path = Scenes;
			sourceTree = "<group>";
		};
		8FC8797E260612BD00320564 /* Products */ = {
			isa = PBXGroup;
			children = (
				8F13693926064F4C006075A1 /* Views */,
				8FC8794E2606127F00320564 /* ProductsViewController.swift */,
				8FC879892606134A00320564 /* ProductsViewModel.swift */,
			);
			path = Products;
			sourceTree = "<group>";
		};
		8FC8797F260612C900320564 /* Infrastructure */ = {
			isa = PBXGroup;
			children = (
				8F27BA5E26065703002859EC /* Resources */,
				8FC8794A2606127F00320564 /* AppDelegate.swift */,
				8FC8794C2606127F00320564 /* SceneDelegate.swift */,
				8FC879552606128200320564 /* LaunchScreen.storyboard */,
				8FC879582606128200320564 /* Info.plist */,
			);
			path = Infrastructure;
			sourceTree = "<group>";
		};
		8FC8799C2606158F00320564 /* ProductDetail */ = {
			isa = PBXGroup;
			children = (
				8F8D2DD92607431D006B2E47 /* Model */,
				8F216574260724400071AD88 /* Views */,
				8FC879B72606183500320564 /* ProductDetailView.swift */,
				8FC879AD2606181500320564 /* ProductDetailViewController.swift */,
				8FC879B22606182700320564 /* ProductDetailViewModel.swift */,
			);
			path = ProductDetail;
			sourceTree = "<group>";
		};
		8FC8799D260615B000320564 /* Architecture */ = {
			isa = PBXGroup;
			children = (
				8FC8799E260615C600320564 /* ViewModel.swift */,
				8FC879A3260617A200320564 /* ViewControllerProtocol.swift */,
				8FC879A8260617BA00320564 /* BaseView.swift */,
				8F7D2A2F260673F4009DBEE2 /* BaseViewController.swift */,
			);
			path = Architecture;
			sourceTree = "<group>";
		};
		8FC8899A26062C1400616640 /* Services */ = {
			isa = PBXGroup;
			children = (
				8FC8899B26062C1E00616640 /* NetworkService */,
				8F27BA59260656C9002859EC /* AssetHelper.swift */,
				8F7D2A2A260666FF009DBEE2 /* ColorHelper.swift */,
			);
			path = Services;
			sourceTree = "<group>";
		};
		8FC8899B26062C1E00616640 /* NetworkService */ = {
			isa = PBXGroup;
			children = (
				8F13692226064491006075A1 /* API */,
				8FC889C9260638DD00616640 /* Target */,
				8FC889BB2606377C00616640 /* Models */,
				8F13690F26063D8F006075A1 /* NetworkTarget.swift */,
				8F13691426063DC2006075A1 /* NetworkService.swift */,
				8F13691A26064475006075A1 /* NetworkError.swift */,
			);
			path = NetworkService;
			sourceTree = "<group>";
		};
		8FC889A426062E4D00616640 /* Extensions */ = {
			isa = PBXGroup;
			children = (
				8FC889A526062E8A00616640 /* URL+Additions.swift */,
				8F13692E26064D61006075A1 /* UIView+Additions.swift */,
				8F27BA5426065656002859EC /* UIImageView+Additions.swift */,
				8F16712226092E8900B9392B /* CGFloat+Additions.swift */,
			);
			path = Extensions;
			sourceTree = "<group>";
		};
		8FC889BB2606377C00616640 /* Models */ = {
			isa = PBXGroup;
			children = (
				8FC889BC260637DC00616640 /* Review.swift */,
				8FC889C12606381800616640 /* Product.swift */,
			);
			path = Models;
			sourceTree = "<group>";
		};
		8FC889C9260638DD00616640 /* Target */ = {
			isa = PBXGroup;
			children = (
				8FC8899C26062C3E00616640 /* ProductTarget.swift */,
			);
			path = Target;
			sourceTree = "<group>";
		};
/* End PBXGroup section */

/* Begin PBXNativeTarget section */
		8FC879462606127F00320564 /* ProductHunter */ = {
			isa = PBXNativeTarget;
			buildConfigurationList = 8FC879712606128200320564 /* Build configuration list for PBXNativeTarget "ProductHunter" */;
			buildPhases = (
				8FC879432606127F00320564 /* Sources */,
				8FC879442606127F00320564 /* Frameworks */,
				8FC879452606127F00320564 /* Resources */,
			);
			buildRules = (
			);
			dependencies = (
			);
			name = ProductHunter;
			packageProductDependencies = (
			);
			productName = ProductHunter;
			productReference = 8FC879472606127F00320564 /* ProductHunter.app */;
			productType = "com.apple.product-type.application";
		};
		8FC8795C2606128200320564 /* ProductHunterTests */ = {
			isa = PBXNativeTarget;
			buildConfigurationList = 8FC879742606128200320564 /* Build configuration list for PBXNativeTarget "ProductHunterTests" */;
			buildPhases = (
				8FC879592606128200320564 /* Sources */,
				8FC8795A2606128200320564 /* Frameworks */,
				8FC8795B2606128200320564 /* Resources */,
			);
			buildRules = (
			);
			dependencies = (
				8FC8795F2606128200320564 /* PBXTargetDependency */,
			);
			name = ProductHunterTests;
			productName = ProductHunterTests;
			productReference = 8FC8795D2606128200320564 /* ProductHunterTests.xctest */;
			productType = "com.apple.product-type.bundle.unit-test";
		};
		8FC879672606128200320564 /* ProductHunterUITests */ = {
			isa = PBXNativeTarget;
			buildConfigurationList = 8FC879772606128200320564 /* Build configuration list for PBXNativeTarget "ProductHunterUITests" */;
			buildPhases = (
				8FC879642606128200320564 /* Sources */,
				8FC879652606128200320564 /* Frameworks */,
				8FC879662606128200320564 /* Resources */,
			);
			buildRules = (
			);
			dependencies = (
				8FC8796A2606128200320564 /* PBXTargetDependency */,
			);
			name = ProductHunterUITests;
			productName = ProductHunterUITests;
			productReference = 8FC879682606128200320564 /* ProductHunterUITests.xctest */;
			productType = "com.apple.product-type.bundle.ui-testing";
		};
/* End PBXNativeTarget section */

/* Begin PBXProject section */
		8FC8793F2606127F00320564 /* Project object */ = {
			isa = PBXProject;
			attributes = {
				LastSwiftUpdateCheck = 1200;
				LastUpgradeCheck = 1200;
				TargetAttributes = {
					8FC879462606127F00320564 = {
						CreatedOnToolsVersion = 12.0.1;
					};
					8FC8795C2606128200320564 = {
						CreatedOnToolsVersion = 12.0.1;
						TestTargetID = 8FC879462606127F00320564;
					};
					8FC879672606128200320564 = {
						CreatedOnToolsVersion = 12.0.1;
						TestTargetID = 8FC879462606127F00320564;
					};
				};
			};
			buildConfigurationList = 8FC879422606127F00320564 /* Build configuration list for PBXProject "ProductHunter" */;
			compatibilityVersion = "Xcode 9.3";
			developmentRegion = en;
			hasScannedForEncodings = 0;
			knownRegions = (
				en,
				Base,
			);
			mainGroup = 8FC8793E2606127F00320564;
			packageReferences = (
			);
			productRefGroup = 8FC879482606127F00320564 /* Products */;
			projectDirPath = "";
			projectRoot = "";
			targets = (
				8FC879462606127F00320564 /* ProductHunter */,
				8FC8795C2606128200320564 /* ProductHunterTests */,
				8FC879672606128200320564 /* ProductHunterUITests */,
			);
		};
/* End PBXProject section */

/* Begin PBXResourcesBuildPhase section */
		8FC879452606127F00320564 /* Resources */ = {
			isa = PBXResourcesBuildPhase;
			buildActionMask = 2147483647;
			files = (
				8F27BA6126065719002859EC /* Colors.xcassets in Resources */,
				8FC879572606128200320564 /* LaunchScreen.storyboard in Resources */,
				8FC879542606128200320564 /* Assets.xcassets in Resources */,
			);
			runOnlyForDeploymentPostprocessing = 0;
		};
		8FC8795B2606128200320564 /* Resources */ = {
			isa = PBXResourcesBuildPhase;
			buildActionMask = 2147483647;
			files = (
			);
			runOnlyForDeploymentPostprocessing = 0;
		};
		8FC879662606128200320564 /* Resources */ = {
			isa = PBXResourcesBuildPhase;
			buildActionMask = 2147483647;
			files = (
			);
			runOnlyForDeploymentPostprocessing = 0;
		};
/* End PBXResourcesBuildPhase section */

/* Begin PBXSourcesBuildPhase section */
		8FC879432606127F00320564 /* Sources */ = {
			isa = PBXSourcesBuildPhase;
			buildActionMask = 2147483647;
			files = (
				8F13692F26064D61006075A1 /* UIView+Additions.swift in Sources */,
				8F27BA5526065656002859EC /* UIImageView+Additions.swift in Sources */,
				8FC8794F2606127F00320564 /* ProductsViewController.swift in Sources */,
				8FC889BD260637DC00616640 /* Review.swift in Sources */,
				8FC889C22606381800616640 /* Product.swift in Sources */,
				8F13693526064EC8006075A1 /* Identifiable.swift in Sources */,
				8FC8794B2606127F00320564 /* AppDelegate.swift in Sources */,
				8FC879AE2606181500320564 /* ProductDetailViewController.swift in Sources */,
				8F16712326092E8900B9392B /* CGFloat+Additions.swift in Sources */,
				8F8D2DE026074365006B2E47 /* ProductDetailSectionType.swift in Sources */,
				8F8D2DDB26074332006B2E47 /* ProductDetailHeaderDataModel.swift in Sources */,
				8F13693C26064F6C006075A1 /* ProductTableViewCell.swift in Sources */,
				8F8D2DEE26074FDB006B2E47 /* RatingView.swift in Sources */,
				8F13691526063DC2006075A1 /* NetworkService.swift in Sources */,
				8FC879B82606183500320564 /* ProductDetailView.swift in Sources */,
				8F7D2A2B260666FF009DBEE2 /* ColorHelper.swift in Sources */,
				8FC879B32606182700320564 /* ProductDetailViewModel.swift in Sources */,
				8F7D2A30260673F4009DBEE2 /* BaseViewController.swift in Sources */,
				8F27BA5A260656C9002859EC /* AssetHelper.swift in Sources */,
				8FC8798A2606134A00320564 /* ProductsViewModel.swift in Sources */,
				8FC8794D2606127F00320564 /* SceneDelegate.swift in Sources */,
				8F2165772607246F0071AD88 /* AddReviewView.swift in Sources */,
				8FC879A4260617A200320564 /* ViewControllerProtocol.swift in Sources */,
				8FC8799F260615C600320564 /* ViewModel.swift in Sources */,
				8F8D2DF3260753A9006B2E47 /* ReviewTableViewCellDataModel.swift in Sources */,
				8F8D2DD526072DA5006B2E47 /* ProductDetailHeaderView.swift in Sources */,
				8F136924260644A8006075A1 /* ProductAPIService.swift in Sources */,
				8FC8798F2606140500320564 /* ProductsView.swift in Sources */,
				8FC889A626062E8A00616640 /* URL+Additions.swift in Sources */,
				8FC8899D26062C3F00616640 /* ProductTarget.swift in Sources */,
				8F8D2DE626074F17006B2E47 /* ReviewTableViewCell.swift in Sources */,
				8F8D2DF826076343006B2E47 /* StickyReviewHeaderView.swift in Sources */,
				8F13691B26064475006075A1 /* NetworkError.swift in Sources */,
				8FC879A9260617BA00320564 /* BaseView.swift in Sources */,
				8F13691026063D8F006075A1 /* NetworkTarget.swift in Sources */,
				8F1C4F812609216600097D66 /* RatingColorType.swift in Sources */,
			);
			runOnlyForDeploymentPostprocessing = 0;
		};
		8FC879592606128200320564 /* Sources */ = {
			isa = PBXSourcesBuildPhase;
			buildActionMask = 2147483647;
			files = (
				8FC879622606128200320564 /* ProductHunterTests.swift in Sources */,
			);
			runOnlyForDeploymentPostprocessing = 0;
		};
		8FC879642606128200320564 /* Sources */ = {
			isa = PBXSourcesBuildPhase;
			buildActionMask = 2147483647;
			files = (
			);
			runOnlyForDeploymentPostprocessing = 0;
		};
/* End PBXSourcesBuildPhase section */

/* Begin PBXTargetDependency section */
		8FC8795F2606128200320564 /* PBXTargetDependency */ = {
			isa = PBXTargetDependency;
			target = 8FC879462606127F00320564 /* ProductHunter */;
			targetProxy = 8FC8795E2606128200320564 /* PBXContainerItemProxy */;
		};
		8FC8796A2606128200320564 /* PBXTargetDependency */ = {
			isa = PBXTargetDependency;
			target = 8FC879462606127F00320564 /* ProductHunter */;
			targetProxy = 8FC879692606128200320564 /* PBXContainerItemProxy */;
		};
/* End PBXTargetDependency section */

/* Begin PBXVariantGroup section */
		8FC879552606128200320564 /* LaunchScreen.storyboard */ = {
			isa = PBXVariantGroup;
			children = (
				8FC879562606128200320564 /* Base */,
			);
			name = LaunchScreen.storyboard;
			sourceTree = "<group>";
		};
/* End PBXVariantGroup section */

/* Begin XCBuildConfiguration section */
		8FC8796F2606128200320564 /* Debug */ = {
			isa = XCBuildConfiguration;
			buildSettings = {
				ALWAYS_SEARCH_USER_PATHS = NO;
				CLANG_ANALYZER_NONNULL = YES;
				CLANG_ANALYZER_NUMBER_OBJECT_CONVERSION = YES_AGGRESSIVE;
				CLANG_CXX_LANGUAGE_STANDARD = "gnu++14";
				CLANG_CXX_LIBRARY = "libc++";
				CLANG_ENABLE_MODULES = YES;
				CLANG_ENABLE_OBJC_ARC = YES;
				CLANG_ENABLE_OBJC_WEAK = YES;
				CLANG_WARN_BLOCK_CAPTURE_AUTORELEASING = YES;
				CLANG_WARN_BOOL_CONVERSION = YES;
				CLANG_WARN_COMMA = YES;
				CLANG_WARN_CONSTANT_CONVERSION = YES;
				CLANG_WARN_DEPRECATED_OBJC_IMPLEMENTATIONS = YES;
				CLANG_WARN_DIRECT_OBJC_ISA_USAGE = YES_ERROR;
				CLANG_WARN_DOCUMENTATION_COMMENTS = YES;
				CLANG_WARN_EMPTY_BODY = YES;
				CLANG_WARN_ENUM_CONVERSION = YES;
				CLANG_WARN_INFINITE_RECURSION = YES;
				CLANG_WARN_INT_CONVERSION = YES;
				CLANG_WARN_NON_LITERAL_NULL_CONVERSION = YES;
				CLANG_WARN_OBJC_IMPLICIT_RETAIN_SELF = YES;
				CLANG_WARN_OBJC_LITERAL_CONVERSION = YES;
				CLANG_WARN_OBJC_ROOT_CLASS = YES_ERROR;
				CLANG_WARN_QUOTED_INCLUDE_IN_FRAMEWORK_HEADER = YES;
				CLANG_WARN_RANGE_LOOP_ANALYSIS = YES;
				CLANG_WARN_STRICT_PROTOTYPES = YES;
				CLANG_WARN_SUSPICIOUS_MOVE = YES;
				CLANG_WARN_UNGUARDED_AVAILABILITY = YES_AGGRESSIVE;
				CLANG_WARN_UNREACHABLE_CODE = YES;
				CLANG_WARN__DUPLICATE_METHOD_MATCH = YES;
				COPY_PHASE_STRIP = NO;
				DEBUG_INFORMATION_FORMAT = dwarf;
				ENABLE_STRICT_OBJC_MSGSEND = YES;
				ENABLE_TESTABILITY = YES;
				GCC_C_LANGUAGE_STANDARD = gnu11;
				GCC_DYNAMIC_NO_PIC = NO;
				GCC_NO_COMMON_BLOCKS = YES;
				GCC_OPTIMIZATION_LEVEL = 0;
				GCC_PREPROCESSOR_DEFINITIONS = (
					"DEBUG=1",
					"$(inherited)",
				);
				GCC_WARN_64_TO_32_BIT_CONVERSION = YES;
				GCC_WARN_ABOUT_RETURN_TYPE = YES_ERROR;
				GCC_WARN_UNDECLARED_SELECTOR = YES;
				GCC_WARN_UNINITIALIZED_AUTOS = YES_AGGRESSIVE;
				GCC_WARN_UNUSED_FUNCTION = YES;
				GCC_WARN_UNUSED_VARIABLE = YES;
				IPHONEOS_DEPLOYMENT_TARGET = 14.0;
				MTL_ENABLE_DEBUG_INFO = INCLUDE_SOURCE;
				MTL_FAST_MATH = YES;
				ONLY_ACTIVE_ARCH = YES;
				SDKROOT = iphoneos;
				SWIFT_ACTIVE_COMPILATION_CONDITIONS = DEBUG;
				SWIFT_OPTIMIZATION_LEVEL = "-Onone";
			};
			name = Debug;
		};
		8FC879702606128200320564 /* Release */ = {
			isa = XCBuildConfiguration;
			buildSettings = {
				ALWAYS_SEARCH_USER_PATHS = NO;
				CLANG_ANALYZER_NONNULL = YES;
				CLANG_ANALYZER_NUMBER_OBJECT_CONVERSION = YES_AGGRESSIVE;
				CLANG_CXX_LANGUAGE_STANDARD = "gnu++14";
				CLANG_CXX_LIBRARY = "libc++";
				CLANG_ENABLE_MODULES = YES;
				CLANG_ENABLE_OBJC_ARC = YES;
				CLANG_ENABLE_OBJC_WEAK = YES;
				CLANG_WARN_BLOCK_CAPTURE_AUTORELEASING = YES;
				CLANG_WARN_BOOL_CONVERSION = YES;
				CLANG_WARN_COMMA = YES;
				CLANG_WARN_CONSTANT_CONVERSION = YES;
				CLANG_WARN_DEPRECATED_OBJC_IMPLEMENTATIONS = YES;
				CLANG_WARN_DIRECT_OBJC_ISA_USAGE = YES_ERROR;
				CLANG_WARN_DOCUMENTATION_COMMENTS = YES;
				CLANG_WARN_EMPTY_BODY = YES;
				CLANG_WARN_ENUM_CONVERSION = YES;
				CLANG_WARN_INFINITE_RECURSION = YES;
				CLANG_WARN_INT_CONVERSION = YES;
				CLANG_WARN_NON_LITERAL_NULL_CONVERSION = YES;
				CLANG_WARN_OBJC_IMPLICIT_RETAIN_SELF = YES;
				CLANG_WARN_OBJC_LITERAL_CONVERSION = YES;
				CLANG_WARN_OBJC_ROOT_CLASS = YES_ERROR;
				CLANG_WARN_QUOTED_INCLUDE_IN_FRAMEWORK_HEADER = YES;
				CLANG_WARN_RANGE_LOOP_ANALYSIS = YES;
				CLANG_WARN_STRICT_PROTOTYPES = YES;
				CLANG_WARN_SUSPICIOUS_MOVE = YES;
				CLANG_WARN_UNGUARDED_AVAILABILITY = YES_AGGRESSIVE;
				CLANG_WARN_UNREACHABLE_CODE = YES;
				CLANG_WARN__DUPLICATE_METHOD_MATCH = YES;
				COPY_PHASE_STRIP = NO;
				DEBUG_INFORMATION_FORMAT = "dwarf-with-dsym";
				ENABLE_NS_ASSERTIONS = NO;
				ENABLE_STRICT_OBJC_MSGSEND = YES;
				GCC_C_LANGUAGE_STANDARD = gnu11;
				GCC_NO_COMMON_BLOCKS = YES;
				GCC_WARN_64_TO_32_BIT_CONVERSION = YES;
				GCC_WARN_ABOUT_RETURN_TYPE = YES_ERROR;
				GCC_WARN_UNDECLARED_SELECTOR = YES;
				GCC_WARN_UNINITIALIZED_AUTOS = YES_AGGRESSIVE;
				GCC_WARN_UNUSED_FUNCTION = YES;
				GCC_WARN_UNUSED_VARIABLE = YES;
				IPHONEOS_DEPLOYMENT_TARGET = 14.0;
				MTL_ENABLE_DEBUG_INFO = NO;
				MTL_FAST_MATH = YES;
				SDKROOT = iphoneos;
				SWIFT_COMPILATION_MODE = wholemodule;
				SWIFT_OPTIMIZATION_LEVEL = "-O";
				VALIDATE_PRODUCT = YES;
			};
			name = Release;
		};
		8FC879722606128200320564 /* Debug */ = {
			isa = XCBuildConfiguration;
			buildSettings = {
				ASSETCATALOG_COMPILER_APPICON_NAME = AppIcon;
				ASSETCATALOG_COMPILER_GLOBAL_ACCENT_COLOR_NAME = AccentColor;
				CODE_SIGN_STYLE = Automatic;
				DEVELOPMENT_TEAM = B4F2B776R3;
				INFOPLIST_FILE = ProductHunter/Infrastructure/Info.plist;
				LD_RUNPATH_SEARCH_PATHS = (
					"$(inherited)",
					"@executable_path/Frameworks",
				);
				PRODUCT_BUNDLE_IDENTIFIER = onur.cantay.ProductHunter;
				PRODUCT_NAME = "$(TARGET_NAME)";
				SWIFT_VERSION = 5.0;
				TARGETED_DEVICE_FAMILY = "1,2";
			};
			name = Debug;
		};
		8FC879732606128200320564 /* Release */ = {
			isa = XCBuildConfiguration;
			buildSettings = {
				ASSETCATALOG_COMPILER_APPICON_NAME = AppIcon;
				ASSETCATALOG_COMPILER_GLOBAL_ACCENT_COLOR_NAME = AccentColor;
				CODE_SIGN_STYLE = Automatic;
				DEVELOPMENT_TEAM = B4F2B776R3;
				INFOPLIST_FILE = ProductHunter/Infrastructure/Info.plist;
				LD_RUNPATH_SEARCH_PATHS = (
					"$(inherited)",
					"@executable_path/Frameworks",
				);
				PRODUCT_BUNDLE_IDENTIFIER = onur.cantay.ProductHunter;
				PRODUCT_NAME = "$(TARGET_NAME)";
				SWIFT_VERSION = 5.0;
				TARGETED_DEVICE_FAMILY = "1,2";
			};
			name = Release;
		};
		8FC879752606128200320564 /* Debug */ = {
			isa = XCBuildConfiguration;
			buildSettings = {
				ALWAYS_EMBED_SWIFT_STANDARD_LIBRARIES = YES;
				BUNDLE_LOADER = "$(TEST_HOST)";
				CODE_SIGN_STYLE = Automatic;
				DEVELOPMENT_TEAM = B4F2B776R3;
				INFOPLIST_FILE = ProductHunterTests/Info.plist;
				IPHONEOS_DEPLOYMENT_TARGET = 14.0;
				LD_RUNPATH_SEARCH_PATHS = (
					"$(inherited)",
					"@executable_path/Frameworks",
					"@loader_path/Frameworks",
				);
				PRODUCT_BUNDLE_IDENTIFIER = onur.cantay.ProductHunterTests;
				PRODUCT_NAME = "$(TARGET_NAME)";
				SWIFT_VERSION = 5.0;
				TARGETED_DEVICE_FAMILY = "1,2";
				TEST_HOST = "$(BUILT_PRODUCTS_DIR)/ProductHunter.app/ProductHunter";
			};
			name = Debug;
		};
		8FC879762606128200320564 /* Release */ = {
			isa = XCBuildConfiguration;
			buildSettings = {
				ALWAYS_EMBED_SWIFT_STANDARD_LIBRARIES = YES;
				BUNDLE_LOADER = "$(TEST_HOST)";
				CODE_SIGN_STYLE = Automatic;
				DEVELOPMENT_TEAM = B4F2B776R3;
				INFOPLIST_FILE = ProductHunterTests/Info.plist;
				IPHONEOS_DEPLOYMENT_TARGET = 14.0;
				LD_RUNPATH_SEARCH_PATHS = (
					"$(inherited)",
					"@executable_path/Frameworks",
					"@loader_path/Frameworks",
				);
				PRODUCT_BUNDLE_IDENTIFIER = onur.cantay.ProductHunterTests;
				PRODUCT_NAME = "$(TARGET_NAME)";
				SWIFT_VERSION = 5.0;
				TARGETED_DEVICE_FAMILY = "1,2";
				TEST_HOST = "$(BUILT_PRODUCTS_DIR)/ProductHunter.app/ProductHunter";
			};
			name = Release;
		};
		8FC879782606128200320564 /* Debug */ = {
			isa = XCBuildConfiguration;
			buildSettings = {
				ALWAYS_EMBED_SWIFT_STANDARD_LIBRARIES = YES;
				CODE_SIGN_STYLE = Automatic;
				DEVELOPMENT_TEAM = B4F2B776R3;
				INFOPLIST_FILE = ProductHunterUITests/Info.plist;
				LD_RUNPATH_SEARCH_PATHS = (
					"$(inherited)",
					"@executable_path/Frameworks",
					"@loader_path/Frameworks",
				);
				PRODUCT_BUNDLE_IDENTIFIER = onur.cantay.ProductHunterUITests;
				PRODUCT_NAME = "$(TARGET_NAME)";
				SWIFT_VERSION = 5.0;
				TARGETED_DEVICE_FAMILY = "1,2";
				TEST_TARGET_NAME = ProductHunter;
			};
			name = Debug;
		};
		8FC879792606128200320564 /* Release */ = {
			isa = XCBuildConfiguration;
			buildSettings = {
				ALWAYS_EMBED_SWIFT_STANDARD_LIBRARIES = YES;
				CODE_SIGN_STYLE = Automatic;
				DEVELOPMENT_TEAM = B4F2B776R3;
				INFOPLIST_FILE = ProductHunterUITests/Info.plist;
				LD_RUNPATH_SEARCH_PATHS = (
					"$(inherited)",
					"@executable_path/Frameworks",
					"@loader_path/Frameworks",
				);
				PRODUCT_BUNDLE_IDENTIFIER = onur.cantay.ProductHunterUITests;
				PRODUCT_NAME = "$(TARGET_NAME)";
				SWIFT_VERSION = 5.0;
				TARGETED_DEVICE_FAMILY = "1,2";
				TEST_TARGET_NAME = ProductHunter;
			};
			name = Release;
		};
/* End XCBuildConfiguration section */

/* Begin XCConfigurationList section */
		8FC879422606127F00320564 /* Build configuration list for PBXProject "ProductHunter" */ = {
			isa = XCConfigurationList;
			buildConfigurations = (
				8FC8796F2606128200320564 /* Debug */,
				8FC879702606128200320564 /* Release */,
			);
			defaultConfigurationIsVisible = 0;
			defaultConfigurationName = Release;
		};
		8FC879712606128200320564 /* Build configuration list for PBXNativeTarget "ProductHunter" */ = {
			isa = XCConfigurationList;
			buildConfigurations = (
				8FC879722606128200320564 /* Debug */,
				8FC879732606128200320564 /* Release */,
			);
			defaultConfigurationIsVisible = 0;
			defaultConfigurationName = Release;
		};
		8FC879742606128200320564 /* Build configuration list for PBXNativeTarget "ProductHunterTests" */ = {
			isa = XCConfigurationList;
			buildConfigurations = (
				8FC879752606128200320564 /* Debug */,
				8FC879762606128200320564 /* Release */,
			);
			defaultConfigurationIsVisible = 0;
			defaultConfigurationName = Release;
		};
		8FC879772606128200320564 /* Build configuration list for PBXNativeTarget "ProductHunterUITests" */ = {
			isa = XCConfigurationList;
			buildConfigurations = (
				8FC879782606128200320564 /* Debug */,
				8FC879792606128200320564 /* Release */,
			);
			defaultConfigurationIsVisible = 0;
			defaultConfigurationName = Release;
		};
/* End XCConfigurationList section */
	};
	rootObject = 8FC8793F2606127F00320564 /* Project object */;
}
